
Microsoft Visual Studio Solution File, Format Version 12.00
# Visual Studio Version 17
VisualStudioVersion = 17.10.35027.167
MinimumVisualStudioVersion = 10.0.40219.1
Project("{9A19103F-16F7-4668-BE54-9A1E7A4F7556}") = "Clock", "Clock.csproj", "{290467CF-AE77-41AC-8C8F-82748B4660F7}"
EndProject
Project("{FAE04EC0-301F-11D3-BF4B-00C04F79EFBC}") = "ClockTest", "..\ClockTest\ClockTest.csproj", "{B20F9AC4-BC99-4F86-A721-9DDF4E55290D}"
EndProject
Global
	GlobalSection(SolutionConfigurationPlatforms) = preSolution
		Debug|Any CPU = Debug|Any CPU
		Release|Any CPU = Release|Any CPU
	EndGlobalSection
	GlobalSection(ProjectConfigurationPlatforms) = postSolution
		{290467CF-AE77-41AC-8C8F-82748B4660F7}.Debug|Any CPU.ActiveCfg = Debug|Any CPU
		{290467CF-AE77-41AC-8C8F-82748B4660F7}.Debug|Any CPU.Build.0 = Debug|Any CPU
		{290467CF-AE77-41AC-8C8F-82748B4660F7}.Release|Any CPU.ActiveCfg = Release|Any CPU
		{290467CF-AE77-41AC-8C8F-82748B4660F7}.Release|Any CPU.Build.0 = Release|Any CPU
		{B20F9AC4-BC99-4F86-A721-9DDF4E55290D}.Debug|Any CPU.ActiveCfg = Debug|Any CPU
		{B20F9AC4-BC99-4F86-A721-9DDF4E55290D}.Debug|Any CPU.Build.0 = Debug|Any CPU
		{B20F9AC4-BC99-4F86-A721-9DDF4E55290D}.Release|Any CPU.ActiveCfg = Release|Any CPU
		{B20F9AC4-BC99-4F86-A721-9DDF4E55290D}.Release|Any CPU.Build.0 = Release|Any CPU
	EndGlobalSection
	GlobalSection(SolutionProperties) = preSolution
		HideSolutionNode = FALSE
	EndGlobalSection
	GlobalSection(ExtensibilityGlobals) = postSolution
		SolutionGuid = {1FD987D1-5611-4326-A784-650CDF080334}
	EndGlobalSection
EndGlobal
